
Microsoft Visual Studio Solution File, Format Version 10.00
# Visual C++ Express 2008
Project("{8BC9CEB8-8B4A-11D0-8D11-00A0C91BC942}") = "check", "check.vcproj", "{50E9CC2A-21BC-4D9C-BB4A-6CA8EE551C8C}"
EndProject
Global
	GlobalSection(SolutionConfigurationPlatforms) = preSolution
		Debug|Win32 = Debug|Win32
		Release|Win32 = Release|Win32
	EndGlobalSection
	GlobalSection(ProjectConfigurationPlatforms) = postSolution
		{50E9CC2A-21BC-4D9C-BB4A-6CA8EE551C8C}.Debug|Win32.ActiveCfg = Debug|Win32
		{50E9CC2A-21BC-4D9C-BB4A-6CA8EE551C8C}.Debug|Win32.Build.0 = Debug|Win32
		{50E9CC2A-21BC-4D9C-BB4A-6CA8EE551C8C}.Release|Win32.ActiveCfg = Release|Win32
		{50E9CC2A-21BC-4D9C-BB4A-6CA8EE551C8C}.Release|Win32.Build.0 = Release|Win32
	EndGlobalSection
	GlobalSection(SolutionProperties) = preSolution
		HideSolutionNode = FALSE
	EndGlobalSection
EndGlobal
